// !$*UTF8*$!
{
	archiveVersion = 1;
	classes = {
	};
	objectVersion = 46;
	objects = {

/* Begin PBXBuildFile section */
		72263ED61EE868F400F9E644 /* LaunchScreen.storyboard in Resources */ = {isa = PBXBuildFile; fileRef = 72E2133C1EE7442A00869DB4 /* LaunchScreen.storyboard */; };
		72263ED71EE868F400F9E644 /* Tasks.storyboard in Resources */ = {isa = PBXBuildFile; fileRef = 72E2133E1EE7442A00869DB4 /* Tasks.storyboard */; };
		7229F81C1F15424F00E484FB /* Projects.storyboard in Resources */ = {isa = PBXBuildFile; fileRef = 7229F81E1F15424F00E484FB /* Projects.storyboard */; };
		7229F8261F1547B000E484FB /* ProjectNetworkHandler.swift in Sources */ = {isa = PBXBuildFile; fileRef = 7229F8251F1547B000E484FB /* ProjectNetworkHandler.swift */; };
		7229F8281F154B3400E484FB /* Project.swift in Sources */ = {isa = PBXBuildFile; fileRef = 7229F8271F154B3400E484FB /* Project.swift */; };
		7229F82D1F157FFA00E484FB /* ProjectDetailView.xib in Resources */ = {isa = PBXBuildFile; fileRef = 7229F82C1F157FFA00E484FB /* ProjectDetailView.xib */; };
		7229F8441F1590C800E484FB /* PickerView.swift in Sources */ = {isa = PBXBuildFile; fileRef = 7229F8341F1590C800E484FB /* PickerView.swift */; };
		7229F8451F1590C800E484FB /* TaskTableViewCell.swift in Sources */ = {isa = PBXBuildFile; fileRef = 7229F8371F1590C800E484FB /* TaskTableViewCell.swift */; };
		7229F8461F1590C800E484FB /* TextView.swift in Sources */ = {isa = PBXBuildFile; fileRef = 7229F8391F1590C800E484FB /* TextView.swift */; };
		7229F8471F1590C800E484FB /* ProjectDetailViewController.swift in Sources */ = {isa = PBXBuildFile; fileRef = 7229F83B1F1590C800E484FB /* ProjectDetailViewController.swift */; };
		7229F8481F1590C800E484FB /* ProjectListViewController.swift in Sources */ = {isa = PBXBuildFile; fileRef = 7229F83C1F1590C800E484FB /* ProjectListViewController.swift */; };
		7229F8491F1590C800E484FB /* TaskDetailViewController.swift in Sources */ = {isa = PBXBuildFile; fileRef = 7229F83D1F1590C800E484FB /* TaskDetailViewController.swift */; };
		7229F84A1F1590C800E484FB /* TaskListViewController.swift in Sources */ = {isa = PBXBuildFile; fileRef = 7229F83E1F1590C800E484FB /* TaskListViewController.swift */; };
		7229F84B1F1590C800E484FB /* ProjectDetailView.swift in Sources */ = {isa = PBXBuildFile; fileRef = 7229F8401F1590C800E484FB /* ProjectDetailView.swift */; };
		7229F84C1F1590C800E484FB /* TaskTypeCountView.swift in Sources */ = {isa = PBXBuildFile; fileRef = 7229F8411F1590C800E484FB /* TaskTypeCountView.swift */; };
		7229F84E1F1590FF00E484FB /* TaskTableView.swift in Sources */ = {isa = PBXBuildFile; fileRef = 7229F84D1F1590FF00E484FB /* TaskTableView.swift */; };
		722DADDF1F08121A0039DA86 /* AppConstants.swift in Sources */ = {isa = PBXBuildFile; fileRef = 722DADDE1F08121A0039DA86 /* AppConstants.swift */; };
		722E71991F06B97C00FF5DD0 /* TaskTypeCountView.xib in Resources */ = {isa = PBXBuildFile; fileRef = 722E71981F06B97C00FF5DD0 /* TaskTypeCountView.xib */; };
		722E91C81EF2982800C6D82A /* Localizable.strings in Resources */ = {isa = PBXBuildFile; fileRef = 722E91CA1EF2982800C6D82A /* Localizable.strings */; };
		72344A211F08FC5C000F4B47 /* FunctionalUtils.swift in Sources */ = {isa = PBXBuildFile; fileRef = 72344A201F08FC5C000F4B47 /* FunctionalUtils.swift */; };
		72344A251F08FE64000F4B47 /* Validator.swift in Sources */ = {isa = PBXBuildFile; fileRef = 72344A241F08FE64000F4B47 /* Validator.swift */; };
		72344A271F092194000F4B47 /* Curry.swift in Sources */ = {isa = PBXBuildFile; fileRef = 72344A261F092194000F4B47 /* Curry.swift */; };
		726EE6751F09457100128F1F /* Future.swift in Sources */ = {isa = PBXBuildFile; fileRef = 726EE6741F09457100128F1F /* Future.swift */; };
		72B305391F59DC020022481E /* UsersCollectionView.swift in Sources */ = {isa = PBXBuildFile; fileRef = 72B305381F59DC020022481E /* UsersCollectionView.swift */; };
		72B3053B1F59DC1D0022481E /* UsersCollectionViewCell.swift in Sources */ = {isa = PBXBuildFile; fileRef = 72B3053A1F59DC1D0022481E /* UsersCollectionViewCell.swift */; };
		72B3053D1F59DC300022481E /* UsersCollectionViewCell.xib in Resources */ = {isa = PBXBuildFile; fileRef = 72B3053C1F59DC300022481E /* UsersCollectionViewCell.xib */; };
		72B665DA1EE7458100958DA3 /* TaskNetworkHandler.swift in Sources */ = {isa = PBXBuildFile; fileRef = 72B665D91EE7458100958DA3 /* TaskNetworkHandler.swift */; };
		72DEE4511F0C30E1005A7A31 /* Result.swift in Sources */ = {isa = PBXBuildFile; fileRef = 72DEE4501F0C30E1005A7A31 /* Result.swift */; };
		72E2135A1EE7442A00869DB4 /* AppDelegate.swift in Sources */ = {isa = PBXBuildFile; fileRef = 72E213301EE7442A00869DB4 /* AppDelegate.swift */; };
		72E2135B1EE7442A00869DB4 /* Navigation.swift in Sources */ = {isa = PBXBuildFile; fileRef = 72E213321EE7442A00869DB4 /* Navigation.swift */; };
		72E2135C1EE7442A00869DB4 /* Utils.swift in Sources */ = {isa = PBXBuildFile; fileRef = 72E213331EE7442A00869DB4 /* Utils.swift */; };
		72E2135E1EE7442A00869DB4 /* Task.swift in Sources */ = {isa = PBXBuildFile; fileRef = 72E213361EE7442A00869DB4 /* Task.swift */; };
		72E213601EE7442A00869DB4 /* NetworkHandler.swift in Sources */ = {isa = PBXBuildFile; fileRef = 72E213391EE7442A00869DB4 /* NetworkHandler.swift */; };
		72E213611EE7442A00869DB4 /* Assets.xcassets in Resources */ = {isa = PBXBuildFile; fileRef = 72E2133B1EE7442A00869DB4 /* Assets.xcassets */; };
		72E213681EE7442A00869DB4 /* TaskTableViewCell.xib in Resources */ = {isa = PBXBuildFile; fileRef = 72E213451EE7442A00869DB4 /* TaskTableViewCell.xib */; };
		929E2A1137B2ABAB40E8F3BB /* Pods_FunctionalTODOList.framework in Frameworks */ = {isa = PBXBuildFile; fileRef = 8D545F657F9A00E5EB9F1984 /* Pods_FunctionalTODOList.framework */; };
/* End PBXBuildFile section */

/* Begin PBXCopyFilesBuildPhase section */
		725A7A3E1F654B480059EB79 /* Embed Frameworks */ = {
			isa = PBXCopyFilesBuildPhase;
			buildActionMask = 2147483647;
			dstPath = "";
			dstSubfolderSpec = 10;
			files = (
			);
			name = "Embed Frameworks";
			runOnlyForDeploymentPostprocessing = 0;
		};
/* End PBXCopyFilesBuildPhase section */

/* Begin PBXFileReference section */
		058BE83DA876B996C8F54A44 /* Pods-FunctionalTODOList.release.xcconfig */ = {isa = PBXFileReference; includeInIndex = 1; lastKnownFileType = text.xcconfig; name = "Pods-FunctionalTODOList.release.xcconfig"; path = "Pods/Target Support Files/Pods-FunctionalTODOList/Pods-FunctionalTODOList.release.xcconfig"; sourceTree = "<group>"; };
		388B31B9FAD02515494BC306 /* Pods-FunctionalTODOList.debug.xcconfig */ = {isa = PBXFileReference; includeInIndex = 1; lastKnownFileType = text.xcconfig; name = "Pods-FunctionalTODOList.debug.xcconfig"; path = "Pods/Target Support Files/Pods-FunctionalTODOList/Pods-FunctionalTODOList.debug.xcconfig"; sourceTree = "<group>"; };
		7229F81D1F15424F00E484FB /* Base */ = {isa = PBXFileReference; lastKnownFileType = file.storyboard; name = Base; path = Base.lproj/Projects.storyboard; sourceTree = "<group>"; };
		7229F8201F15425800E484FB /* es */ = {isa = PBXFileReference; lastKnownFileType = text.plist.strings; name = es; path = es.lproj/Projects.strings; sourceTree = "<group>"; };
		7229F8251F1547B000E484FB /* ProjectNetworkHandler.swift */ = {isa = PBXFileReference; fileEncoding = 4; lastKnownFileType = sourcecode.swift; path = ProjectNetworkHandler.swift; sourceTree = "<group>"; };
		7229F8271F154B3400E484FB /* Project.swift */ = {isa = PBXFileReference; fileEncoding = 4; lastKnownFileType = sourcecode.swift; path = Project.swift; sourceTree = "<group>"; };
		7229F82C1F157FFA00E484FB /* ProjectDetailView.xib */ = {isa = PBXFileReference; fileEncoding = 4; lastKnownFileType = file.xib; path = ProjectDetailView.xib; sourceTree = "<group>"; };
		7229F8341F1590C800E484FB /* PickerView.swift */ = {isa = PBXFileReference; fileEncoding = 4; lastKnownFileType = sourcecode.swift; path = PickerView.swift; sourceTree = "<group>"; };
		7229F8371F1590C800E484FB /* TaskTableViewCell.swift */ = {isa = PBXFileReference; fileEncoding = 4; lastKnownFileType = sourcecode.swift; path = TaskTableViewCell.swift; sourceTree = "<group>"; };
		7229F8391F1590C800E484FB /* TextView.swift */ = {isa = PBXFileReference; fileEncoding = 4; lastKnownFileType = sourcecode.swift; path = TextView.swift; sourceTree = "<group>"; };
		7229F83B1F1590C800E484FB /* ProjectDetailViewController.swift */ = {isa = PBXFileReference; fileEncoding = 4; lastKnownFileType = sourcecode.swift; path = ProjectDetailViewController.swift; sourceTree = "<group>"; };
		7229F83C1F1590C800E484FB /* ProjectListViewController.swift */ = {isa = PBXFileReference; fileEncoding = 4; lastKnownFileType = sourcecode.swift; path = ProjectListViewController.swift; sourceTree = "<group>"; };
		7229F83D1F1590C800E484FB /* TaskDetailViewController.swift */ = {isa = PBXFileReference; fileEncoding = 4; lastKnownFileType = sourcecode.swift; path = TaskDetailViewController.swift; sourceTree = "<group>"; };
		7229F83E1F1590C800E484FB /* TaskListViewController.swift */ = {isa = PBXFileReference; fileEncoding = 4; lastKnownFileType = sourcecode.swift; path = TaskListViewController.swift; sourceTree = "<group>"; };
		7229F8401F1590C800E484FB /* ProjectDetailView.swift */ = {isa = PBXFileReference; fileEncoding = 4; lastKnownFileType = sourcecode.swift; path = ProjectDetailView.swift; sourceTree = "<group>"; };
		7229F8411F1590C800E484FB /* TaskTypeCountView.swift */ = {isa = PBXFileReference; fileEncoding = 4; lastKnownFileType = sourcecode.swift; path = TaskTypeCountView.swift; sourceTree = "<group>"; };
		7229F84D1F1590FF00E484FB /* TaskTableView.swift */ = {isa = PBXFileReference; fileEncoding = 4; lastKnownFileType = sourcecode.swift; path = TaskTableView.swift; sourceTree = "<group>"; };
		722DADDE1F08121A0039DA86 /* AppConstants.swift */ = {isa = PBXFileReference; fileEncoding = 4; lastKnownFileType = sourcecode.swift; path = AppConstants.swift; sourceTree = "<group>"; };
		722E71981F06B97C00FF5DD0 /* TaskTypeCountView.xib */ = {isa = PBXFileReference; fileEncoding = 4; lastKnownFileType = file.xib; path = TaskTypeCountView.xib; sourceTree = "<group>"; };
		722E91C91EF2982800C6D82A /* en */ = {isa = PBXFileReference; lastKnownFileType = text.plist.strings; name = en; path = en.lproj/Localizable.strings; sourceTree = "<group>"; };
		722E91CB1EF2984400C6D82A /* es */ = {isa = PBXFileReference; lastKnownFileType = text.plist.strings; name = es; path = es.lproj/LaunchScreen.strings; sourceTree = "<group>"; };
		722E91CC1EF2984400C6D82A /* es */ = {isa = PBXFileReference; lastKnownFileType = text.plist.strings; name = es; path = es.lproj/Tasks.strings; sourceTree = "<group>"; };
		722E91CD1EF2984500C6D82A /* es */ = {isa = PBXFileReference; lastKnownFileType = text.plist.strings; name = es; path = es.lproj/Localizable.strings; sourceTree = "<group>"; };
		72344A201F08FC5C000F4B47 /* FunctionalUtils.swift */ = {isa = PBXFileReference; fileEncoding = 4; lastKnownFileType = sourcecode.swift; path = FunctionalUtils.swift; sourceTree = "<group>"; };
		72344A241F08FE64000F4B47 /* Validator.swift */ = {isa = PBXFileReference; fileEncoding = 4; lastKnownFileType = sourcecode.swift; path = Validator.swift; sourceTree = "<group>"; };
		72344A261F092194000F4B47 /* Curry.swift */ = {isa = PBXFileReference; fileEncoding = 4; lastKnownFileType = sourcecode.swift; path = Curry.swift; sourceTree = "<group>"; };
		725A7A381F654B230059EB79 /* Alamofire.framework */ = {isa = PBXFileReference; lastKnownFileType = wrapper.framework; path = Alamofire.framework; sourceTree = "<group>"; };
		7263BC3C1EE309BE00CF7D9A /* FunctionalTODOList.app */ = {isa = PBXFileReference; explicitFileType = wrapper.application; includeInIndex = 0; path = FunctionalTODOList.app; sourceTree = BUILT_PRODUCTS_DIR; };
		726EE6741F09457100128F1F /* Future.swift */ = {isa = PBXFileReference; fileEncoding = 4; lastKnownFileType = sourcecode.swift; path = Future.swift; sourceTree = "<group>"; };
		72B305381F59DC020022481E /* UsersCollectionView.swift */ = {isa = PBXFileReference; fileEncoding = 4; lastKnownFileType = sourcecode.swift; path = UsersCollectionView.swift; sourceTree = "<group>"; };
		72B3053A1F59DC1D0022481E /* UsersCollectionViewCell.swift */ = {isa = PBXFileReference; fileEncoding = 4; lastKnownFileType = sourcecode.swift; path = UsersCollectionViewCell.swift; sourceTree = "<group>"; };
		72B3053C1F59DC300022481E /* UsersCollectionViewCell.xib */ = {isa = PBXFileReference; fileEncoding = 4; lastKnownFileType = file.xib; path = UsersCollectionViewCell.xib; sourceTree = "<group>"; };
		72B665D91EE7458100958DA3 /* TaskNetworkHandler.swift */ = {isa = PBXFileReference; fileEncoding = 4; lastKnownFileType = sourcecode.swift; path = TaskNetworkHandler.swift; sourceTree = "<group>"; };
		72DEE4501F0C30E1005A7A31 /* Result.swift */ = {isa = PBXFileReference; fileEncoding = 4; lastKnownFileType = sourcecode.swift; path = Result.swift; sourceTree = "<group>"; };
		72E213301EE7442A00869DB4 /* AppDelegate.swift */ = {isa = PBXFileReference; fileEncoding = 4; lastKnownFileType = sourcecode.swift; path = AppDelegate.swift; sourceTree = "<group>"; };
		72E213321EE7442A00869DB4 /* Navigation.swift */ = {isa = PBXFileReference; fileEncoding = 4; lastKnownFileType = sourcecode.swift; path = Navigation.swift; sourceTree = "<group>"; };
		72E213331EE7442A00869DB4 /* Utils.swift */ = {isa = PBXFileReference; fileEncoding = 4; lastKnownFileType = sourcecode.swift; path = Utils.swift; sourceTree = "<group>"; };
		72E213341EE7442A00869DB4 /* Info.plist */ = {isa = PBXFileReference; fileEncoding = 4; lastKnownFileType = text.plist.xml; name = Info.plist; path = FunctionalTODOList/Info.plist; sourceTree = "<group>"; };
		72E213361EE7442A00869DB4 /* Task.swift */ = {isa = PBXFileReference; fileEncoding = 4; lastKnownFileType = sourcecode.swift; path = Task.swift; sourceTree = "<group>"; };
		72E213391EE7442A00869DB4 /* NetworkHandler.swift */ = {isa = PBXFileReference; fileEncoding = 4; lastKnownFileType = sourcecode.swift; path = NetworkHandler.swift; sourceTree = "<group>"; };
		72E2133B1EE7442A00869DB4 /* Assets.xcassets */ = {isa = PBXFileReference; lastKnownFileType = folder.assetcatalog; path = Assets.xcassets; sourceTree = "<group>"; };
		72E2133D1EE7442A00869DB4 /* Base */ = {isa = PBXFileReference; lastKnownFileType = file.storyboard; name = Base; path = Base.lproj/LaunchScreen.storyboard; sourceTree = "<group>"; };
		72E2133F1EE7442A00869DB4 /* Base */ = {isa = PBXFileReference; lastKnownFileType = file.storyboard; name = Base; path = Base.lproj/Tasks.storyboard; sourceTree = "<group>"; };
		72E213451EE7442A00869DB4 /* TaskTableViewCell.xib */ = {isa = PBXFileReference; fileEncoding = 4; lastKnownFileType = file.xib; path = TaskTableViewCell.xib; sourceTree = "<group>"; };
		8D545F657F9A00E5EB9F1984 /* Pods_FunctionalTODOList.framework */ = {isa = PBXFileReference; explicitFileType = wrapper.framework; includeInIndex = 0; path = Pods_FunctionalTODOList.framework; sourceTree = BUILT_PRODUCTS_DIR; };
/* End PBXFileReference section */

/* Begin PBXFrameworksBuildPhase section */
		7263BC391EE309BE00CF7D9A /* Frameworks */ = {
			isa = PBXFrameworksBuildPhase;
			buildActionMask = 2147483647;
			files = (
				929E2A1137B2ABAB40E8F3BB /* Pods_FunctionalTODOList.framework in Frameworks */,
			);
			runOnlyForDeploymentPostprocessing = 0;
		};
/* End PBXFrameworksBuildPhase section */

/* Begin PBXGroup section */
		7229F8331F1590C800E484FB /* PickerViews */ = {
			isa = PBXGroup;
			children = (
				7229F8341F1590C800E484FB /* PickerView.swift */,
			);
			path = PickerViews;
			sourceTree = "<group>";
		};
		7229F8351F1590C800E484FB /* TableView */ = {
			isa = PBXGroup;
			children = (
				7229F84D1F1590FF00E484FB /* TaskTableView.swift */,
			);
			path = TableView;
			sourceTree = "<group>";
		};
		7229F8361F1590C800E484FB /* TableView Cells */ = {
			isa = PBXGroup;
			children = (
				7229F8371F1590C800E484FB /* TaskTableViewCell.swift */,
			);
			path = "TableView Cells";
			sourceTree = "<group>";
		};
		7229F8381F1590C800E484FB /* TextViews */ = {
			isa = PBXGroup;
			children = (
				7229F8391F1590C800E484FB /* TextView.swift */,
			);
			path = TextViews;
			sourceTree = "<group>";
		};
		7229F83A1F1590C800E484FB /* ViewControllers */ = {
			isa = PBXGroup;
			children = (
				7229F83B1F1590C800E484FB /* ProjectDetailViewController.swift */,
				7229F83C1F1590C800E484FB /* ProjectListViewController.swift */,
				7229F83D1F1590C800E484FB /* TaskDetailViewController.swift */,
				7229F83E1F1590C800E484FB /* TaskListViewController.swift */,
			);
			path = ViewControllers;
			sourceTree = "<group>";
		};
		7229F83F1F1590C800E484FB /* Views */ = {
			isa = PBXGroup;
			children = (
				7229F8401F1590C800E484FB /* ProjectDetailView.swift */,
				7229F8411F1590C800E484FB /* TaskTypeCountView.swift */,
			);
			path = Views;
			sourceTree = "<group>";
		};
		722E71971F06B96500FF5DD0 /* Views */ = {
			isa = PBXGroup;
			children = (
				722E71981F06B97C00FF5DD0 /* TaskTypeCountView.xib */,
				7229F82C1F157FFA00E484FB /* ProjectDetailView.xib */,
			);
			path = Views;
			sourceTree = "<group>";
		};
		72344A1F1F08FC5C000F4B47 /* Functional */ = {
			isa = PBXGroup;
			children = (
				72344A261F092194000F4B47 /* Curry.swift */,
				72344A241F08FE64000F4B47 /* Validator.swift */,
				72344A201F08FC5C000F4B47 /* FunctionalUtils.swift */,
				726EE6741F09457100128F1F /* Future.swift */,
				72DEE4501F0C30E1005A7A31 /* Result.swift */,
			);
			path = Functional;
			sourceTree = "<group>";
		};
		7263BC331EE309BE00CF7D9A = {
			isa = PBXGroup;
			children = (
				72E2132F1EE7442A00869DB4 /* FunctionalTODOList */,
				72E213341EE7442A00869DB4 /* Info.plist */,
				7263BC3D1EE309BE00CF7D9A /* Products */,
				D9AD6C7F56589946AC6B0EEB /* Pods */,
				9C2D2290640AFADE536116B8 /* Frameworks */,
				FA1C267E1FC200EA00F9D18F /* Recovered References */,
			);
			sourceTree = "<group>";
		};
		7263BC3D1EE309BE00CF7D9A /* Products */ = {
			isa = PBXGroup;
			children = (
				7263BC3C1EE309BE00CF7D9A /* FunctionalTODOList.app */,
			);
			name = Products;
			sourceTree = "<group>";
		};
		72B305361F59DBCA0022481E /* CollectionView Cells */ = {
			isa = PBXGroup;
			children = (
				72B3053A1F59DC1D0022481E /* UsersCollectionViewCell.swift */,
			);
			path = "CollectionView Cells";
			sourceTree = "<group>";
		};
		72B305371F59DBCA0022481E /* CollectionViews */ = {
			isa = PBXGroup;
			children = (
				72B305381F59DC020022481E /* UsersCollectionView.swift */,
			);
			path = CollectionViews;
			sourceTree = "<group>";
		};
		72E2132F1EE7442A00869DB4 /* FunctionalTODOList */ = {
			isa = PBXGroup;
			children = (
				72E213301EE7442A00869DB4 /* AppDelegate.swift */,
				72E213311EE7442A00869DB4 /* Common */,
				72344A1F1F08FC5C000F4B47 /* Functional */,
				72E213351EE7442A00869DB4 /* Model */,
				72E2134A1EE7442A00869DB4 /* UI */,
				72E213381EE7442A00869DB4 /* Network */,
				72E2133A1EE7442A00869DB4 /* Resources */,
			);
			path = FunctionalTODOList;
			sourceTree = "<group>";
		};
		72E213311EE7442A00869DB4 /* Common */ = {
			isa = PBXGroup;
			children = (
				72E213321EE7442A00869DB4 /* Navigation.swift */,
				72E213331EE7442A00869DB4 /* Utils.swift */,
				722DADDE1F08121A0039DA86 /* AppConstants.swift */,
			);
			path = Common;
			sourceTree = "<group>";
		};
		72E213351EE7442A00869DB4 /* Model */ = {
			isa = PBXGroup;
			children = (
				72E213361EE7442A00869DB4 /* Task.swift */,
				7229F8271F154B3400E484FB /* Project.swift */,
			);
			path = Model;
			sourceTree = "<group>";
		};
		72E213381EE7442A00869DB4 /* Network */ = {
			isa = PBXGroup;
			children = (
				72E213391EE7442A00869DB4 /* NetworkHandler.swift */,
				72B665D91EE7458100958DA3 /* TaskNetworkHandler.swift */,
				7229F8251F1547B000E484FB /* ProjectNetworkHandler.swift */,
			);
			path = Network;
			sourceTree = "<group>";
		};
		72E2133A1EE7442A00869DB4 /* Resources */ = {
			isa = PBXGroup;
			children = (
				722E91CA1EF2982800C6D82A /* Localizable.strings */,
				72E2133B1EE7442A00869DB4 /* Assets.xcassets */,
				72E2133C1EE7442A00869DB4 /* LaunchScreen.storyboard */,
				72E2133E1EE7442A00869DB4 /* Tasks.storyboard */,
				7229F81E1F15424F00E484FB /* Projects.storyboard */,
				72E213401EE7442A00869DB4 /* CustomCells */,
				722E71971F06B96500FF5DD0 /* Views */,
			);
			path = Resources;
			sourceTree = "<group>";
		};
		72E213401EE7442A00869DB4 /* CustomCells */ = {
			isa = PBXGroup;
			children = (
				72E213451EE7442A00869DB4 /* TaskTableViewCell.xib */,
				72B3053C1F59DC300022481E /* UsersCollectionViewCell.xib */,
			);
			path = CustomCells;
			sourceTree = "<group>";
		};
		72E2134A1EE7442A00869DB4 /* UI */ = {
			isa = PBXGroup;
			children = (
				7229F83A1F1590C800E484FB /* ViewControllers */,
				7229F8331F1590C800E484FB /* PickerViews */,
				7229F8351F1590C800E484FB /* TableView */,
				7229F8361F1590C800E484FB /* TableView Cells */,
				72B305371F59DBCA0022481E /* CollectionViews */,
				72B305361F59DBCA0022481E /* CollectionView Cells */,
				7229F8381F1590C800E484FB /* TextViews */,
				7229F83F1F1590C800E484FB /* Views */,
			);
			path = UI;
			sourceTree = "<group>";
		};
		9C2D2290640AFADE536116B8 /* Frameworks */ = {
			isa = PBXGroup;
			children = (
				8D545F657F9A00E5EB9F1984 /* Pods_FunctionalTODOList.framework */,
			);
			name = Frameworks;
			sourceTree = "<group>";
		};
		D9AD6C7F56589946AC6B0EEB /* Pods */ = {
			isa = PBXGroup;
			children = (
				388B31B9FAD02515494BC306 /* Pods-FunctionalTODOList.debug.xcconfig */,
				058BE83DA876B996C8F54A44 /* Pods-FunctionalTODOList.release.xcconfig */,
			);
			name = Pods;
			sourceTree = "<group>";
		};
		FA1C267E1FC200EA00F9D18F /* Recovered References */ = {
			isa = PBXGroup;
			children = (
				725A7A381F654B230059EB79 /* Alamofire.framework */,
			);
			name = "Recovered References";
			sourceTree = "<group>";
		};
/* End PBXGroup section */

/* Begin PBXNativeTarget section */
		7263BC3B1EE309BE00CF7D9A /* FunctionalTODOList */ = {
			isa = PBXNativeTarget;
			buildConfigurationList = 7263BC4E1EE309BE00CF7D9A /* Build configuration list for PBXNativeTarget "FunctionalTODOList" */;
			buildPhases = (
				6CCF2603810950CC367B07F5 /* [CP] Check Pods Manifest.lock */,
				7263BC381EE309BE00CF7D9A /* Sources */,
				7263BC391EE309BE00CF7D9A /* Frameworks */,
				7263BC3A1EE309BE00CF7D9A /* Resources */,
				725A7A3E1F654B480059EB79 /* Embed Frameworks */,
				FFC99D3B36523B1A2CBB3D91 /* [CP] Embed Pods Frameworks */,
				01425F29B9C1380402ABAC0A /* [CP] Copy Pods Resources */,
			);
			buildRules = (
			);
			dependencies = (
			);
			name = FunctionalTODOList;
			productName = FuctionalTODOList;
			productReference = 7263BC3C1EE309BE00CF7D9A /* FunctionalTODOList.app */;
			productType = "com.apple.product-type.application";
		};
/* End PBXNativeTarget section */

/* Begin PBXProject section */
		7263BC341EE309BE00CF7D9A /* Project object */ = {
			isa = PBXProject;
			attributes = {
				LastSwiftUpdateCheck = 0830;
				LastUpgradeCheck = 0900;
				ORGANIZATIONNAME = RGM;
				TargetAttributes = {
					7263BC3B1EE309BE00CF7D9A = {
						CreatedOnToolsVersion = 8.3.2;
						LastSwiftMigration = 0900;
						ProvisioningStyle = Manual;
					};
				};
			};
			buildConfigurationList = 7263BC371EE309BE00CF7D9A /* Build configuration list for PBXProject "FunctionalTODOList" */;
			compatibilityVersion = "Xcode 3.2";
			developmentRegion = English;
			hasScannedForEncodings = 0;
			knownRegions = (
				en,
				Base,
				es,
			);
			mainGroup = 7263BC331EE309BE00CF7D9A;
			productRefGroup = 7263BC3D1EE309BE00CF7D9A /* Products */;
			projectDirPath = "";
			projectRoot = "";
			targets = (
				7263BC3B1EE309BE00CF7D9A /* FunctionalTODOList */,
			);
		};
/* End PBXProject section */

/* Begin PBXResourcesBuildPhase section */
		7263BC3A1EE309BE00CF7D9A /* Resources */ = {
			isa = PBXResourcesBuildPhase;
			buildActionMask = 2147483647;
			files = (
				72263ED61EE868F400F9E644 /* LaunchScreen.storyboard in Resources */,
				72B3053D1F59DC300022481E /* UsersCollectionViewCell.xib in Resources */,
				72263ED71EE868F400F9E644 /* Tasks.storyboard in Resources */,
				7229F82D1F157FFA00E484FB /* ProjectDetailView.xib in Resources */,
				722E91C81EF2982800C6D82A /* Localizable.strings in Resources */,
				72E213681EE7442A00869DB4 /* TaskTableViewCell.xib in Resources */,
				7229F81C1F15424F00E484FB /* Projects.storyboard in Resources */,
				72E213611EE7442A00869DB4 /* Assets.xcassets in Resources */,
				722E71991F06B97C00FF5DD0 /* TaskTypeCountView.xib in Resources */,
			);
			runOnlyForDeploymentPostprocessing = 0;
		};
/* End PBXResourcesBuildPhase section */

/* Begin PBXShellScriptBuildPhase section */
		01425F29B9C1380402ABAC0A /* [CP] Copy Pods Resources */ = {
			isa = PBXShellScriptBuildPhase;
			buildActionMask = 2147483647;
			files = (
			);
			inputPaths = (
			);
			name = "[CP] Copy Pods Resources";
			outputPaths = (
			);
			runOnlyForDeploymentPostprocessing = 0;
			shellPath = /bin/sh;
			shellScript = "\"${SRCROOT}/Pods/Target Support Files/Pods-FunctionalTODOList/Pods-FunctionalTODOList-resources.sh\"\n";
			showEnvVarsInLog = 0;
		};
		6CCF2603810950CC367B07F5 /* [CP] Check Pods Manifest.lock */ = {
			isa = PBXShellScriptBuildPhase;
			buildActionMask = 2147483647;
			files = (
			);
			inputPaths = (
			);
			name = "[CP] Check Pods Manifest.lock";
			outputPaths = (
			);
			runOnlyForDeploymentPostprocessing = 0;
			shellPath = /bin/sh;
			shellScript = "diff \"${PODS_PODFILE_DIR_PATH}/Podfile.lock\" \"${PODS_ROOT}/Manifest.lock\" > /dev/null\nif [ $? != 0 ] ; then\n    # print error to STDERR\n    echo \"error: The sandbox is not in sync with the Podfile.lock. Run 'pod install' or update your CocoaPods installation.\" >&2\n    exit 1\nfi\n";
			showEnvVarsInLog = 0;
		};
		FFC99D3B36523B1A2CBB3D91 /* [CP] Embed Pods Frameworks */ = {
			isa = PBXShellScriptBuildPhase;
			buildActionMask = 2147483647;
			files = (
			);
			inputPaths = (
			);
			name = "[CP] Embed Pods Frameworks";
			outputPaths = (
			);
			runOnlyForDeploymentPostprocessing = 0;
			shellPath = /bin/sh;
			shellScript = "\"${SRCROOT}/Pods/Target Support Files/Pods-FunctionalTODOList/Pods-FunctionalTODOList-frameworks.sh\"\n";
			showEnvVarsInLog = 0;
		};
/* End PBXShellScriptBuildPhase section */

/* Begin PBXSourcesBuildPhase section */
		7263BC381EE309BE00CF7D9A /* Sources */ = {
			isa = PBXSourcesBuildPhase;
			buildActionMask = 2147483647;
			files = (
				72344A251F08FE64000F4B47 /* Validator.swift in Sources */,
				72DEE4511F0C30E1005A7A31 /* Result.swift in Sources */,
				7229F84A1F1590C800E484FB /* TaskListViewController.swift in Sources */,
				7229F8451F1590C800E484FB /* TaskTableViewCell.swift in Sources */,
				72E213601EE7442A00869DB4 /* NetworkHandler.swift in Sources */,
				7229F8281F154B3400E484FB /* Project.swift in Sources */,
				72344A211F08FC5C000F4B47 /* FunctionalUtils.swift in Sources */,
				7229F8491F1590C800E484FB /* TaskDetailViewController.swift in Sources */,
				726EE6751F09457100128F1F /* Future.swift in Sources */,
				7229F84C1F1590C800E484FB /* TaskTypeCountView.swift in Sources */,
				722DADDF1F08121A0039DA86 /* AppConstants.swift in Sources */,
				7229F8441F1590C800E484FB /* PickerView.swift in Sources */,
				7229F84E1F1590FF00E484FB /* TaskTableView.swift in Sources */,
				7229F8471F1590C800E484FB /* ProjectDetailViewController.swift in Sources */,
				72344A271F092194000F4B47 /* Curry.swift in Sources */,
				72B665DA1EE7458100958DA3 /* TaskNetworkHandler.swift in Sources */,
				7229F8481F1590C800E484FB /* ProjectListViewController.swift in Sources */,
				72E2135E1EE7442A00869DB4 /* Task.swift in Sources */,
				72E2135B1EE7442A00869DB4 /* Navigation.swift in Sources */,
				7229F8261F1547B000E484FB /* ProjectNetworkHandler.swift in Sources */,
				72E2135A1EE7442A00869DB4 /* AppDelegate.swift in Sources */,
				7229F8461F1590C800E484FB /* TextView.swift in Sources */,
				72E2135C1EE7442A00869DB4 /* Utils.swift in Sources */,
				72B305391F59DC020022481E /* UsersCollectionView.swift in Sources */,
				7229F84B1F1590C800E484FB /* ProjectDetailView.swift in Sources */,
				72B3053B1F59DC1D0022481E /* UsersCollectionViewCell.swift in Sources */,
			);
			runOnlyForDeploymentPostprocessing = 0;
		};
/* End PBXSourcesBuildPhase section */

/* Begin PBXVariantGroup section */
		7229F81E1F15424F00E484FB /* Projects.storyboard */ = {
			isa = PBXVariantGroup;
			children = (
				7229F81D1F15424F00E484FB /* Base */,
				7229F8201F15425800E484FB /* es */,
			);
			name = Projects.storyboard;
			sourceTree = "<group>";
		};
		722E91CA1EF2982800C6D82A /* Localizable.strings */ = {
			isa = PBXVariantGroup;
			children = (
				722E91C91EF2982800C6D82A /* en */,
				722E91CD1EF2984500C6D82A /* es */,
			);
			name = Localizable.strings;
			sourceTree = "<group>";
		};
		72E2133C1EE7442A00869DB4 /* LaunchScreen.storyboard */ = {
			isa = PBXVariantGroup;
			children = (
				72E2133D1EE7442A00869DB4 /* Base */,
				722E91CB1EF2984400C6D82A /* es */,
			);
			name = LaunchScreen.storyboard;
			sourceTree = "<group>";
		};
		72E2133E1EE7442A00869DB4 /* Tasks.storyboard */ = {
			isa = PBXVariantGroup;
			children = (
				72E2133F1EE7442A00869DB4 /* Base */,
				722E91CC1EF2984400C6D82A /* es */,
			);
			name = Tasks.storyboard;
			sourceTree = "<group>";
		};
/* End PBXVariantGroup section */

/* Begin XCBuildConfiguration section */
		7263BC4C1EE309BE00CF7D9A /* Debug */ = {
			isa = XCBuildConfiguration;
			buildSettings = {
				ALWAYS_SEARCH_USER_PATHS = NO;
				CLANG_ANALYZER_LOCALIZABILITY_NONLOCALIZED = YES;
				CLANG_ANALYZER_NONNULL = YES;
				CLANG_ANALYZER_NUMBER_OBJECT_CONVERSION = YES_AGGRESSIVE;
				CLANG_CXX_LANGUAGE_STANDARD = "gnu++0x";
				CLANG_CXX_LIBRARY = "libc++";
				CLANG_ENABLE_MODULES = YES;
				CLANG_ENABLE_OBJC_ARC = YES;
				CLANG_WARN_BLOCK_CAPTURE_AUTORELEASING = YES;
				CLANG_WARN_BOOL_CONVERSION = YES;
				CLANG_WARN_COMMA = YES;
				CLANG_WARN_CONSTANT_CONVERSION = YES;
				CLANG_WARN_DIRECT_OBJC_ISA_USAGE = YES_ERROR;
				CLANG_WARN_DOCUMENTATION_COMMENTS = YES;
				CLANG_WARN_EMPTY_BODY = YES;
				CLANG_WARN_ENUM_CONVERSION = YES;
				CLANG_WARN_INFINITE_RECURSION = YES;
				CLANG_WARN_INT_CONVERSION = YES;
				CLANG_WARN_NON_LITERAL_NULL_CONVERSION = YES;
				CLANG_WARN_OBJC_LITERAL_CONVERSION = YES;
				CLANG_WARN_OBJC_ROOT_CLASS = YES_ERROR;
				CLANG_WARN_RANGE_LOOP_ANALYSIS = YES;
				CLANG_WARN_STRICT_PROTOTYPES = YES;
				CLANG_WARN_SUSPICIOUS_MOVE = YES;
				CLANG_WARN_UNREACHABLE_CODE = YES;
				CLANG_WARN__DUPLICATE_METHOD_MATCH = YES;
				"CODE_SIGN_IDENTITY[sdk=iphoneos*]" = "iPhone Developer";
				COPY_PHASE_STRIP = NO;
				DEBUG_INFORMATION_FORMAT = dwarf;
				ENABLE_STRICT_OBJC_MSGSEND = YES;
				ENABLE_TESTABILITY = YES;
				GCC_C_LANGUAGE_STANDARD = gnu99;
				GCC_DYNAMIC_NO_PIC = NO;
				GCC_NO_COMMON_BLOCKS = YES;
				GCC_OPTIMIZATION_LEVEL = 0;
				GCC_PREPROCESSOR_DEFINITIONS = (
					"DEBUG=1",
					"$(inherited)",
				);
				GCC_WARN_64_TO_32_BIT_CONVERSION = YES;
				GCC_WARN_ABOUT_RETURN_TYPE = YES_ERROR;
				GCC_WARN_UNDECLARED_SELECTOR = YES;
				GCC_WARN_UNINITIALIZED_AUTOS = YES_AGGRESSIVE;
				GCC_WARN_UNUSED_FUNCTION = YES;
				GCC_WARN_UNUSED_VARIABLE = YES;
				IPHONEOS_DEPLOYMENT_TARGET = 10.3;
				MTL_ENABLE_DEBUG_INFO = YES;
				ONLY_ACTIVE_ARCH = YES;
				SDKROOT = iphoneos;
				SWIFT_ACTIVE_COMPILATION_CONDITIONS = DEBUG;
				SWIFT_OPTIMIZATION_LEVEL = "-Onone";
			};
			name = Debug;
		};
		7263BC4D1EE309BE00CF7D9A /* Release */ = {
			isa = XCBuildConfiguration;
			buildSettings = {
				ALWAYS_SEARCH_USER_PATHS = NO;
				CLANG_ANALYZER_LOCALIZABILITY_NONLOCALIZED = YES;
				CLANG_ANALYZER_NONNULL = YES;
				CLANG_ANALYZER_NUMBER_OBJECT_CONVERSION = YES_AGGRESSIVE;
				CLANG_CXX_LANGUAGE_STANDARD = "gnu++0x";
				CLANG_CXX_LIBRARY = "libc++";
				CLANG_ENABLE_MODULES = YES;
				CLANG_ENABLE_OBJC_ARC = YES;
				CLANG_WARN_BLOCK_CAPTURE_AUTORELEASING = YES;
				CLANG_WARN_BOOL_CONVERSION = YES;
				CLANG_WARN_COMMA = YES;
				CLANG_WARN_CONSTANT_CONVERSION = YES;
				CLANG_WARN_DIRECT_OBJC_ISA_USAGE = YES_ERROR;
				CLANG_WARN_DOCUMENTATION_COMMENTS = YES;
				CLANG_WARN_EMPTY_BODY = YES;
				CLANG_WARN_ENUM_CONVERSION = YES;
				CLANG_WARN_INFINITE_RECURSION = YES;
				CLANG_WARN_INT_CONVERSION = YES;
				CLANG_WARN_NON_LITERAL_NULL_CONVERSION = YES;
				CLANG_WARN_OBJC_LITERAL_CONVERSION = YES;
				CLANG_WARN_OBJC_ROOT_CLASS = YES_ERROR;
				CLANG_WARN_RANGE_LOOP_ANALYSIS = YES;
				CLANG_WARN_STRICT_PROTOTYPES = YES;
				CLANG_WARN_SUSPICIOUS_MOVE = YES;
				CLANG_WARN_UNREACHABLE_CODE = YES;
				CLANG_WARN__DUPLICATE_METHOD_MATCH = YES;
				"CODE_SIGN_IDENTITY[sdk=iphoneos*]" = "iPhone Developer";
				COPY_PHASE_STRIP = NO;
				DEBUG_INFORMATION_FORMAT = "dwarf-with-dsym";
				ENABLE_NS_ASSERTIONS = NO;
				ENABLE_STRICT_OBJC_MSGSEND = YES;
				GCC_C_LANGUAGE_STANDARD = gnu99;
				GCC_NO_COMMON_BLOCKS = YES;
				GCC_WARN_64_TO_32_BIT_CONVERSION = YES;
				GCC_WARN_ABOUT_RETURN_TYPE = YES_ERROR;
				GCC_WARN_UNDECLARED_SELECTOR = YES;
				GCC_WARN_UNINITIALIZED_AUTOS = YES_AGGRESSIVE;
				GCC_WARN_UNUSED_FUNCTION = YES;
				GCC_WARN_UNUSED_VARIABLE = YES;
				IPHONEOS_DEPLOYMENT_TARGET = 10.3;
				MTL_ENABLE_DEBUG_INFO = NO;
				SDKROOT = iphoneos;
				SWIFT_OPTIMIZATION_LEVEL = "-Owholemodule";
				VALIDATE_PRODUCT = YES;
			};
			name = Release;
		};
		7263BC4F1EE309BE00CF7D9A /* Debug */ = {
			isa = XCBuildConfiguration;
			baseConfigurationReference = 388B31B9FAD02515494BC306 /* Pods-FunctionalTODOList.debug.xcconfig */;
			buildSettings = {
				ASSETCATALOG_COMPILER_APPICON_NAME = AppIcon;
				CODE_SIGN_STYLE = Manual;
				DEVELOPMENT_TEAM = "";
				FRAMEWORK_SEARCH_PATHS = "$(inherited)";
				INFOPLIST_FILE = FunctionalTODOList/Info.plist;
				LD_RUNPATH_SEARCH_PATHS = "$(inherited) @executable_path/Frameworks";
				PRODUCT_BUNDLE_IDENTIFIER = com.functionalswift.FunctionalTODOList;
				PRODUCT_NAME = "$(TARGET_NAME)";
				PROVISIONING_PROFILE_SPECIFIER = "";
				SWIFT_SWIFT3_OBJC_INFERENCE = Default;
				SWIFT_VERSION = 4.0;
			};
			name = Debug;
		};
		7263BC501EE309BE00CF7D9A /* Release */ = {
			isa = XCBuildConfiguration;
			baseConfigurationReference = 058BE83DA876B996C8F54A44 /* Pods-FunctionalTODOList.release.xcconfig */;
			buildSettings = {
				ASSETCATALOG_COMPILER_APPICON_NAME = AppIcon;
				CODE_SIGN_STYLE = Manual;
				DEVELOPMENT_TEAM = "";
				FRAMEWORK_SEARCH_PATHS = "$(inherited)";
				INFOPLIST_FILE = FunctionalTODOList/Info.plist;
				LD_RUNPATH_SEARCH_PATHS = "$(inherited) @executable_path/Frameworks";
				PRODUCT_BUNDLE_IDENTIFIER = com.functionalswift.FunctionalTODOList;
				PRODUCT_NAME = "$(TARGET_NAME)";
				PROVISIONING_PROFILE_SPECIFIER = "";
				SWIFT_SWIFT3_OBJC_INFERENCE = Default;
				SWIFT_VERSION = 4.0;
			};
			name = Release;
		};
/* End XCBuildConfiguration section */

/* Begin XCConfigurationList section */
		7263BC371EE309BE00CF7D9A /* Build configuration list for PBXProject "FunctionalTODOList" */ = {
			isa = XCConfigurationList;
			buildConfigurations = (
				7263BC4C1EE309BE00CF7D9A /* Debug */,
				7263BC4D1EE309BE00CF7D9A /* Release */,
			);
			defaultConfigurationIsVisible = 0;
			defaultConfigurationName = Release;
		};
		7263BC4E1EE309BE00CF7D9A /* Build configuration list for PBXNativeTarget "FunctionalTODOList" */ = {
			isa = XCConfigurationList;
			buildConfigurations = (
				7263BC4F1EE309BE00CF7D9A /* Debug */,
				7263BC501EE309BE00CF7D9A /* Release */,
			);
			defaultConfigurationIsVisible = 0;
			defaultConfigurationName = Release;
		};
/* End XCConfigurationList section */
	};
	rootObject = 7263BC341EE309BE00CF7D9A /* Project object */;
}
